<?xml version="1.0" encoding="utf-8"?>
<Project ToolsVersion="4.0" xmlns="http://schemas.microsoft.com/developer/msbuild/2003">
  <ItemGroup>
    <Filter Include="00_BasicFuncs">
      <UniqueIdentifier>{c3a0eb51-6296-42a0-ad35-1d4379018011}</UniqueIdentifier>
    </Filter>
    <Filter Include="01_MiddleTools">
      <UniqueIdentifier>{7ca37b9d-a2b1-43ca-9274-0f5f6f6a7d6d}</UniqueIdentifier>
    </Filter>
    <Filter Include="02_FrameContent">
      <UniqueIdentifier>{5098690b-54b2-4a85-bdfa-268c0e6de77d}</UniqueIdentifier>
    </Filter>
    <Filter Include="03_ScriptFuncs">
      <UniqueIdentifier>{4f0d0b92-906b-43fe-95c4-fc6a160fb9b6}</UniqueIdentifier>
    </Filter>
    <Filter Include="02_FrameContent\Common">
      <UniqueIdentifier>{59e19916-3650-49b7-9017-7f8935bd5c64}</UniqueIdentifier>
    </Filter>
    <Filter Include="02_FrameContent\Root">
      <UniqueIdentifier>{30229343-e8f8-4a46-9879-59937c73a5dd}</UniqueIdentifier>
    </Filter>
    <Filter Include="02_FrameContent\Factory">
      <UniqueIdentifier>{116d0342-3b10-447c-a896-9370c6fa7782}</UniqueIdentifier>
    </Filter>
    <Filter Include="02_FrameContent\Scene">
      <UniqueIdentifier>{00bbc66a-8d4f-4f7f-a656-4c69a7e6f9c7}</UniqueIdentifier>
    </Filter>
    <Filter Include="02_FrameContent\System">
      <UniqueIdentifier>{77c5d300-8d0c-4aa1-a56a-72058a5ee268}</UniqueIdentifier>
    </Filter>
    <Filter Include="02_FrameContent\Object">
      <UniqueIdentifier>{72b05b23-2142-4743-b88f-10405f91e657}</UniqueIdentifier>
    </Filter>
    <Filter Include="02_FrameContent\Component">
      <UniqueIdentifier>{1a0af0a0-7c2d-4345-b957-fd52c4f45c89}</UniqueIdentifier>
    </Filter>
    <Filter Include="02_FrameContent\AssetsPool">
      <UniqueIdentifier>{581b58d5-baec-4144-9af2-d4936f7d6b63}</UniqueIdentifier>
    </Filter>
    <Filter Include="02_FrameContent\PhysicsWorld">
      <UniqueIdentifier>{72f05bf5-6b2d-4901-9fec-d381a8a95ee0}</UniqueIdentifier>
    </Filter>
    <Filter Include="02_FrameContent\Container">
      <UniqueIdentifier>{031dfb84-2f4d-458d-8195-f6927e11c371}</UniqueIdentifier>
    </Filter>
  </ItemGroup>
  <ItemGroup>
    <ClCompile Include="Main.cpp" />
    <ClCompile Include="00_BasicFuncs\PrintLog.cpp">
      <Filter>00_BasicFuncs</Filter>
    </ClCompile>
    <ClCompile Include="01_MiddleTools\JsonHelper.cpp">
      <Filter>01_MiddleTools</Filter>
    </ClCompile>
    <ClCompile Include="01_MiddleTools\SoundHelper.cpp">
      <Filter>01_MiddleTools</Filter>
    </ClCompile>
    <ClCompile Include="02_FrameContent\RootSystem.cpp">
      <Filter>02_FrameContent\Root</Filter>
    </ClCompile>
    <ClCompile Include="00_BasicFuncs\FineGrainedTimer.cpp">
      <Filter>00_BasicFuncs</Filter>
    </ClCompile>
    <ClCompile Include="02_FrameContent\ObjectFactory.cpp">
      <Filter>02_FrameContent\Factory</Filter>
    </ClCompile>
    <ClCompile Include="02_FrameContent\SystemExecutive.cpp">
      <Filter>02_FrameContent\System</Filter>
    </ClCompile>
    <ClCompile Include="02_FrameContent\SceneManager.cpp">
      <Filter>02_FrameContent\Scene</Filter>
    </ClCompile>
    <ClCompile Include="02_FrameContent\SceneNode.cpp">
      <Filter>02_FrameContent\Scene</Filter>
    </ClCompile>
    <ClCompile Include="02_FrameContent\ObjectContainer.cpp">
      <Filter>02_FrameContent\Container</Filter>
    </ClCompile>
    <ClCompile Include="02_FrameContent\ComponentContainer.cpp">
      <Filter>02_FrameContent\Container</Filter>
    </ClCompile>
    <ClCompile Include="02_FrameContent\AssetsPool.cpp">
      <Filter>02_FrameContent\AssetsPool</Filter>
    </ClCompile>
    <ClCompile Include="02_FrameContent\PhysicsWorld.cpp">
      <Filter>02_FrameContent\PhysicsWorld</Filter>
    </ClCompile>
    <ClCompile Include="02_FrameContent\Object.cpp">
      <Filter>02_FrameContent\Object</Filter>
    </ClCompile>
    <ClCompile Include="02_FrameContent\Actorobject.cpp">
      <Filter>02_FrameContent\Object</Filter>
    </ClCompile>
    <ClCompile Include="02_FrameContent\UiObject.cpp">
      <Filter>02_FrameContent\Object</Filter>
    </ClCompile>
    <ClCompile Include="02_FrameContent\System.cpp">
      <Filter>02_FrameContent\System</Filter>
    </ClCompile>
    <ClCompile Include="02_FrameContent\Component.cpp">
      <Filter>02_FrameContent\Component</Filter>
    </ClCompile>
    <ClCompile Include="02_FrameContent\ActorComponent.cpp">
      <Filter>02_FrameContent\Component</Filter>
    </ClCompile>
    <ClCompile Include="02_FrameContent\UiComponent.cpp">
      <Filter>02_FrameContent\Component</Filter>
    </ClCompile>
    <ClCompile Include="02_FrameContent\ATransformComponent.cpp">
      <Filter>02_FrameContent\Component</Filter>
    </ClCompile>
    <ClCompile Include="02_FrameContent\AInputComponent.cpp">
      <Filter>02_FrameContent\Component</Filter>
    </ClCompile>
    <ClCompile Include="02_FrameContent\AInteractComponent.cpp">
      <Filter>02_FrameContent\Component</Filter>
    </ClCompile>
    <ClCompile Include="02_FrameContent\ATimerComponent.cpp">
      <Filter>02_FrameContent\Component</Filter>
    </ClCompile>
    <ClCompile Include="02_FrameContent\AMeshComponent.cpp">
      <Filter>02_FrameContent\Component</Filter>
    </ClCompile>
    <ClCompile Include="02_FrameContent\ACollisionComponent.cpp">
      <Filter>02_FrameContent\Component</Filter>
    </ClCompile>
    <ClCompile Include="02_FrameContent\ALightComponent.cpp">
      <Filter>02_FrameContent\Component</Filter>
    </ClCompile>
    <ClCompile Include="02_FrameContent\AParticleComponent.cpp">
      <Filter>02_FrameContent\Component</Filter>
    </ClCompile>
    <ClCompile Include="02_FrameContent\AAudioComponent.cpp">
      <Filter>02_FrameContent\Component</Filter>
    </ClCompile>
  </ItemGroup>
  <ItemGroup>
    <ClInclude Include="00_BasicFuncs\PrintLog.h">
      <Filter>00_BasicFuncs</Filter>
    </ClInclude>
    <ClInclude Include="01_MiddleTools\JsonHelper.h">
      <Filter>01_MiddleTools</Filter>
    </ClInclude>
    <ClInclude Include="01_MiddleTools\SoundHelper.h">
      <Filter>01_MiddleTools</Filter>
    </ClInclude>
    <ClInclude Include="02_FrameContent\Hyc3DCommon.h">
      <Filter>02_FrameContent\Common</Filter>
    </ClInclude>
    <ClInclude Include="02_FrameContent\RootSystem.h">
      <Filter>02_FrameContent\Root</Filter>
    </ClInclude>
    <ClInclude Include="00_BasicFuncs\FineGrainedTimer.h">
      <Filter>00_BasicFuncs</Filter>
    </ClInclude>
    <ClInclude Include="02_FrameContent\ObjectFactory.h">
      <Filter>02_FrameContent\Factory</Filter>
    </ClInclude>
    <ClInclude Include="02_FrameContent\SystemExecutive.h">
      <Filter>02_FrameContent\System</Filter>
    </ClInclude>
    <ClInclude Include="02_FrameContent\SceneManager.h">
      <Filter>02_FrameContent\Scene</Filter>
    </ClInclude>
    <ClInclude Include="02_FrameContent\SceneNode.h">
      <Filter>02_FrameContent\Scene</Filter>
    </ClInclude>
    <ClInclude Include="02_FrameContent\ObjectContainer.h">
      <Filter>02_FrameContent\Container</Filter>
    </ClInclude>
    <ClInclude Include="02_FrameContent\ComponentContainer.h">
      <Filter>02_FrameContent\Container</Filter>
    </ClInclude>
    <ClInclude Include="02_FrameContent\AssetsPool.h">
      <Filter>02_FrameContent\AssetsPool</Filter>
    </ClInclude>
    <ClInclude Include="02_FrameContent\PhysicsWorld.h">
      <Filter>02_FrameContent\PhysicsWorld</Filter>
    </ClInclude>
    <ClInclude Include="02_FrameContent\Object.h">
      <Filter>02_FrameContent\Object</Filter>
    </ClInclude>
    <ClInclude Include="02_FrameContent\ActorObject.h">
      <Filter>02_FrameContent\Object</Filter>
    </ClInclude>
    <ClInclude Include="02_FrameContent\UiObject.h">
      <Filter>02_FrameContent\Object</Filter>
    </ClInclude>
    <ClInclude Include="02_FrameContent\System.h">
      <Filter>02_FrameContent\System</Filter>
    </ClInclude>
    <ClInclude Include="02_FrameContent\Component.h">
      <Filter>02_FrameContent\Component</Filter>
    </ClInclude>
    <ClInclude Include="02_FrameContent\ActorComponent.h">
      <Filter>02_FrameContent\Component</Filter>
    </ClInclude>
    <ClInclude Include="02_FrameContent\UiComponent.h">
      <Filter>02_FrameContent\Component</Filter>
    </ClInclude>
    <ClInclude Include="02_FrameContent\ATransformComponent.h">
      <Filter>02_FrameContent\Component</Filter>
    </ClInclude>
    <ClInclude Include="02_FrameContent\AInputComponent.h">
      <Filter>02_FrameContent\Component</Filter>
    </ClInclude>
    <ClInclude Include="02_FrameContent\AInteractComponent.h">
      <Filter>02_FrameContent\Component</Filter>
    </ClInclude>
    <ClInclude Include="02_FrameContent\ATimerComponent.h">
      <Filter>02_FrameContent\Component</Filter>
    </ClInclude>
    <ClInclude Include="02_FrameContent\AMeshComponent.h">
      <Filter>02_FrameContent\Component</Filter>
    </ClInclude>
    <ClInclude Include="02_FrameContent\ACollisionComponent.h">
      <Filter>02_FrameContent\Component</Filter>
    </ClInclude>
    <ClInclude Include="02_FrameContent\ALightComponent.h">
      <Filter>02_FrameContent\Component</Filter>
    </ClInclude>
    <ClInclude Include="02_FrameContent\AParticleComponent.h">
      <Filter>02_FrameContent\Component</Filter>
    </ClInclude>
    <ClInclude Include="02_FrameContent\AAudioComponent.h">
      <Filter>02_FrameContent\Component</Filter>
    </ClInclude>
  </ItemGroup>
</Project>